
Microsoft Visual Studio Solution File, Format Version 12.00
# Visual Studio 15
VisualStudioVersion = 15.0.28307.645
MinimumVisualStudioVersion = 10.0.40219.1
Project("{FAE04EC0-301F-11D3-BF4B-00C04F79EFBC}") = "LaundryWeb_API", "LaundryWeb_API\LaundryWeb_API.csproj", "{6CF80541-356B-48F8-AA63-942622856ED5}"
EndProject
Project("{FAE04EC0-301F-11D3-BF4B-00C04F79EFBC}") = "LaundryWeb_DLL", "LaundryWeb_DLL\LaundryWeb_DLL.csproj", "{789EB344-6E45-4EE6-A0DD-190D4D771DF7}"
EndProject
Project("{FAE04EC0-301F-11D3-BF4B-00C04F79EFBC}") = "LaundryWeb_MetaData", "LaundryWeb_MetaData\LaundryWeb_MetaData.csproj", "{88ACF950-5A0D-4809-92C7-9CC98FE0BF6B}"
EndProject
Global
	GlobalSection(SolutionConfigurationPlatforms) = preSolution
		Debug|Any CPU = Debug|Any CPU
		Release|Any CPU = Release|Any CPU
	EndGlobalSection
	GlobalSection(ProjectConfigurationPlatforms) = postSolution
		{6CF80541-356B-48F8-AA63-942622856ED5}.Debug|Any CPU.ActiveCfg = Debug|Any CPU
		{6CF80541-356B-48F8-AA63-942622856ED5}.Debug|Any CPU.Build.0 = Debug|Any CPU
		{6CF80541-356B-48F8-AA63-942622856ED5}.Release|Any CPU.ActiveCfg = Release|Any CPU
		{6CF80541-356B-48F8-AA63-942622856ED5}.Release|Any CPU.Build.0 = Release|Any CPU
		{789EB344-6E45-4EE6-A0DD-190D4D771DF7}.Debug|Any CPU.ActiveCfg = Debug|Any CPU
		{789EB344-6E45-4EE6-A0DD-190D4D771DF7}.Debug|Any CPU.Build.0 = Debug|Any CPU
		{789EB344-6E45-4EE6-A0DD-190D4D771DF7}.Release|Any CPU.ActiveCfg = Release|Any CPU
		{789EB344-6E45-4EE6-A0DD-190D4D771DF7}.Release|Any CPU.Build.0 = Release|Any CPU
		{88ACF950-5A0D-4809-92C7-9CC98FE0BF6B}.Debug|Any CPU.ActiveCfg = Debug|Any CPU
		{88ACF950-5A0D-4809-92C7-9CC98FE0BF6B}.Debug|Any CPU.Build.0 = Debug|Any CPU
		{88ACF950-5A0D-4809-92C7-9CC98FE0BF6B}.Release|Any CPU.ActiveCfg = Release|Any CPU
		{88ACF950-5A0D-4809-92C7-9CC98FE0BF6B}.Release|Any CPU.Build.0 = Release|Any CPU
	EndGlobalSection
	GlobalSection(SolutionProperties) = preSolution
		HideSolutionNode = FALSE
	EndGlobalSection
	GlobalSection(ExtensibilityGlobals) = postSolution
		SolutionGuid = {FEFD4CF7-AEEA-48D9-ADDD-2914CA4F5BC5}
	EndGlobalSection
EndGlobal
